Microsoft Visual Studio Solution File, Format Version 12.00
# Visual Studio Version 17
VisualStudioVersion = 17.5.2.0
MinimumVisualStudioVersion = 10.0.40219.1
Project("{FAE04EC0-301F-11D3-BF4B-00C04F79EFBC}") = "TH_05", "TH_05.csproj", "{E49FE3FF-F742-9EA0-EDF7-9001BD8ECEF7}"
EndProject
Global
	GlobalSection(SolutionConfigurationPlatforms) = preSolution
		Debug|Any CPU = Debug|Any CPU
		Release|Any CPU = Release|Any CPU
	EndGlobalSection
	GlobalSection(ProjectConfigurationPlatforms) = postSolution
		{E49FE3FF-F742-9EA0-EDF7-9001BD8ECEF7}.Debug|Any CPU.ActiveCfg = Debug|Any CPU
		{E49FE3FF-F742-9EA0-EDF7-9001BD8ECEF7}.Debug|Any CPU.Build.0 = Debug|Any CPU
		{E49FE3FF-F742-9EA0-EDF7-9001BD8ECEF7}.Release|Any CPU.ActiveCfg = Release|Any CPU
		{E49FE3FF-F742-9EA0-EDF7-9001BD8ECEF7}.Release|Any CPU.Build.0 = Release|Any CPU
	EndGlobalSection
	GlobalSection(SolutionProperties) = preSolution
		HideSolutionNode = FALSE
	EndGlobalSection
	GlobalSection(ExtensibilityGlobals) = postSolution
		SolutionGuid = {22FF5629-9E33-4C64-B2FE-D26748128102}
	EndGlobalSection
EndGlobal
